dependencies:
- name: developer-dashboard
  repository: https://ibm-garage-cloud.github.io/toolkit-charts/
  version: 1.1.0
- name: tool-config
  repository: https://ibm-garage-cloud.github.io/toolkit-charts/
  version: 0.7.0
digest: sha256:1f42366974222927dd0cbab90a7f2b84e3dd3815c7ab67c99373d4c5cda492f7
generated: "2020-07-10T00:50:40.779246-05:00"
